
Microsoft Visual Studio Solution File, Format Version 12.00
# Visual Studio Version 17
VisualStudioVersion = 17.4.33213.308
MinimumVisualStudioVersion = 10.0.40219.1
Project("{FAE04EC0-301F-11D3-BF4B-00C04F79EFBC}") = "Rule110", "Rule110\Rule110.csproj", "{ED96BA70-412A-4D72-8A5F-1BDA66229CB8}"
EndProject
Global
	GlobalSection(SolutionConfigurationPlatforms) = preSolution
		Debug|Any CPU = Debug|Any CPU
		Release|Any CPU = Release|Any CPU
	EndGlobalSection
	GlobalSection(ProjectConfigurationPlatforms) = postSolution
		{ED96BA70-412A-4D72-8A5F-1BDA66229CB8}.Debug|Any CPU.ActiveCfg = Debug|Any CPU
		{ED96BA70-412A-4D72-8A5F-1BDA66229CB8}.Debug|Any CPU.Build.0 = Debug|Any CPU
		{ED96BA70-412A-4D72-8A5F-1BDA66229CB8}.Release|Any CPU.ActiveCfg = Release|Any CPU
		{ED96BA70-412A-4D72-8A5F-1BDA66229CB8}.Release|Any CPU.Build.0 = Release|Any CPU
	EndGlobalSection
	GlobalSection(SolutionProperties) = preSolution
		HideSolutionNode = FALSE
	EndGlobalSection
	GlobalSection(ExtensibilityGlobals) = postSolution
		SolutionGuid = {998B8611-6830-4683-86FE-F8F5A3AB7BA1}
	EndGlobalSection
EndGlobal
